// !$*UTF8*$!
{
	archiveVersion = 1;
	classes = {
	};
	objectVersion = 51;
	objects = {

/* Begin PBXBuildFile section */
		6557674A27AABFD90056CA9E /* QiitaListViewController.swift in Sources */ = {isa = PBXBuildFile; fileRef = 6557674927AABFD90056CA9E /* QiitaListViewController.swift */; };
		6557674D27AACAB80056CA9E /* QiitaListViewController.xib in Resources */ = {isa = PBXBuildFile; fileRef = 6557674C27AACAB80056CA9E /* QiitaListViewController.xib */; };
		656A183F278DC0A30096F2EC /* AppDelegate.swift in Sources */ = {isa = PBXBuildFile; fileRef = 656A183E278DC0A30096F2EC /* AppDelegate.swift */; };
		656A1841278DC0A30096F2EC /* SceneDelegate.swift in Sources */ = {isa = PBXBuildFile; fileRef = 656A1840278DC0A30096F2EC /* SceneDelegate.swift */; };
		656A1843278DC0A30096F2EC /* MainViewController.swift in Sources */ = {isa = PBXBuildFile; fileRef = 656A1842278DC0A30096F2EC /* MainViewController.swift */; };
		656A1846278DC0A30096F2EC /* Main.storyboard in Resources */ = {isa = PBXBuildFile; fileRef = 656A1844278DC0A30096F2EC /* Main.storyboard */; };
		656A1848278DC0A50096F2EC /* Assets.xcassets in Resources */ = {isa = PBXBuildFile; fileRef = 656A1847278DC0A50096F2EC /* Assets.xcassets */; };
		656A184B278DC0A50096F2EC /* LaunchScreen.storyboard in Resources */ = {isa = PBXBuildFile; fileRef = 656A1849278DC0A50096F2EC /* LaunchScreen.storyboard */; };
		656A18662799B6920096F2EC /* XibMenuViewController.xib in Resources */ = {isa = PBXBuildFile; fileRef = 656A18652799B6920096F2EC /* XibMenuViewController.xib */; };
		656A18682799B6AB0096F2EC /* XibMenuViewController.swift in Sources */ = {isa = PBXBuildFile; fileRef = 656A18672799B6AB0096F2EC /* XibMenuViewController.swift */; };
		65872CE127A1A1F800A8E3D7 /* UserDefaultsViewController.xib in Resources */ = {isa = PBXBuildFile; fileRef = 65872CE027A1A1F800A8E3D7 /* UserDefaultsViewController.xib */; };
		65872CE327A1A21000A8E3D7 /* UserDefaultsViewController.swift in Sources */ = {isa = PBXBuildFile; fileRef = 65872CE227A1A21000A8E3D7 /* UserDefaultsViewController.swift */; };
		65872CE527A623EF00A8E3D7 /* HttpViewController.swift in Sources */ = {isa = PBXBuildFile; fileRef = 65872CE427A623EF00A8E3D7 /* HttpViewController.swift */; };
		65872CE727A6249900A8E3D7 /* HttpViewController.xib in Resources */ = {isa = PBXBuildFile; fileRef = 65872CE627A6249900A8E3D7 /* HttpViewController.xib */; };
		DE46803C96736C004B988F31 /* Pods_iOSTechResaerch.framework in Frameworks */ = {isa = PBXBuildFile; fileRef = 1D033316F155D89B6F44B69C /* Pods_iOSTechResaerch.framework */; };
/* End PBXBuildFile section */

/* Begin PBXFileReference section */
		1A5AF9736E98C3A2BCB8BA28 /* Pods-iOSTechResaerch.release.xcconfig */ = {isa = PBXFileReference; includeInIndex = 1; lastKnownFileType = text.xcconfig; name = "Pods-iOSTechResaerch.release.xcconfig"; path = "Target Support Files/Pods-iOSTechResaerch/Pods-iOSTechResaerch.release.xcconfig"; sourceTree = "<group>"; };
		1D033316F155D89B6F44B69C /* Pods_iOSTechResaerch.framework */ = {isa = PBXFileReference; explicitFileType = wrapper.framework; includeInIndex = 0; path = Pods_iOSTechResaerch.framework; sourceTree = BUILT_PRODUCTS_DIR; };
		6557674927AABFD90056CA9E /* QiitaListViewController.swift */ = {isa = PBXFileReference; lastKnownFileType = sourcecode.swift; path = QiitaListViewController.swift; sourceTree = "<group>"; };
		6557674C27AACAB80056CA9E /* QiitaListViewController.xib */ = {isa = PBXFileReference; lastKnownFileType = file.xib; path = QiitaListViewController.xib; sourceTree = "<group>"; };
		656A183B278DC0A30096F2EC /* iOSTechResaerch.app */ = {isa = PBXFileReference; explicitFileType = wrapper.application; includeInIndex = 0; path = iOSTechResaerch.app; sourceTree = BUILT_PRODUCTS_DIR; };
		656A183E278DC0A30096F2EC /* AppDelegate.swift */ = {isa = PBXFileReference; lastKnownFileType = sourcecode.swift; path = AppDelegate.swift; sourceTree = "<group>"; };
		656A1840278DC0A30096F2EC /* SceneDelegate.swift */ = {isa = PBXFileReference; lastKnownFileType = sourcecode.swift; path = SceneDelegate.swift; sourceTree = "<group>"; };
		656A1842278DC0A30096F2EC /* MainViewController.swift */ = {isa = PBXFileReference; lastKnownFileType = sourcecode.swift; path = MainViewController.swift; sourceTree = "<group>"; };
		656A1845278DC0A30096F2EC /* Base */ = {isa = PBXFileReference; lastKnownFileType = file.storyboard; name = Base; path = Base.lproj/Main.storyboard; sourceTree = "<group>"; };
		656A1847278DC0A50096F2EC /* Assets.xcassets */ = {isa = PBXFileReference; lastKnownFileType = folder.assetcatalog; path = Assets.xcassets; sourceTree = "<group>"; };
		656A184A278DC0A50096F2EC /* Base */ = {isa = PBXFileReference; lastKnownFileType = file.storyboard; name = Base; path = Base.lproj/LaunchScreen.storyboard; sourceTree = "<group>"; };
		656A184C278DC0A50096F2EC /* Info.plist */ = {isa = PBXFileReference; lastKnownFileType = text.plist.xml; path = Info.plist; sourceTree = "<group>"; };
		656A18652799B6920096F2EC /* XibMenuViewController.xib */ = {isa = PBXFileReference; lastKnownFileType = file.xib; path = XibMenuViewController.xib; sourceTree = "<group>"; };
		656A18672799B6AB0096F2EC /* XibMenuViewController.swift */ = {isa = PBXFileReference; lastKnownFileType = sourcecode.swift; path = XibMenuViewController.swift; sourceTree = "<group>"; };
		65872CE027A1A1F800A8E3D7 /* UserDefaultsViewController.xib */ = {isa = PBXFileReference; lastKnownFileType = file.xib; path = UserDefaultsViewController.xib; sourceTree = "<group>"; };
		65872CE227A1A21000A8E3D7 /* UserDefaultsViewController.swift */ = {isa = PBXFileReference; lastKnownFileType = sourcecode.swift; path = UserDefaultsViewController.swift; sourceTree = "<group>"; };
		65872CE427A623EF00A8E3D7 /* HttpViewController.swift */ = {isa = PBXFileReference; lastKnownFileType = sourcecode.swift; path = HttpViewController.swift; sourceTree = "<group>"; };
		65872CE627A6249900A8E3D7 /* HttpViewController.xib */ = {isa = PBXFileReference; lastKnownFileType = file.xib; path = HttpViewController.xib; sourceTree = "<group>"; };
		90833BA0FC83D89BCA7E9B57 /* Pods-iOSTechResaerch.debug.xcconfig */ = {isa = PBXFileReference; includeInIndex = 1; lastKnownFileType = text.xcconfig; name = "Pods-iOSTechResaerch.debug.xcconfig"; path = "Target Support Files/Pods-iOSTechResaerch/Pods-iOSTechResaerch.debug.xcconfig"; sourceTree = "<group>"; };
/* End PBXFileReference section */

/* Begin PBXFrameworksBuildPhase section */
		656A1838278DC0A30096F2EC /* Frameworks */ = {
			isa = PBXFrameworksBuildPhase;
			buildActionMask = 2147483647;
			files = (
				DE46803C96736C004B988F31 /* Pods_iOSTechResaerch.framework in Frameworks */,
			);
			runOnlyForDeploymentPostprocessing = 0;
		};
/* End PBXFrameworksBuildPhase section */

/* Begin PBXGroup section */
		6557674827AABD3A0056CA9E /* Http */ = {
			isa = PBXGroup;
			children = (
				65872CE427A623EF00A8E3D7 /* HttpViewController.swift */,
				6557674927AABFD90056CA9E /* QiitaListViewController.swift */,
			);
			path = Http;
			sourceTree = "<group>";
		};
		6557674B27AACA620056CA9E /* Http */ = {
			isa = PBXGroup;
			children = (
				65872CE627A6249900A8E3D7 /* HttpViewController.xib */,
				6557674C27AACAB80056CA9E /* QiitaListViewController.xib */,
			);
			path = Http;
			sourceTree = "<group>";
		};
		656A1832278DC0A30096F2EC = {
			isa = PBXGroup;
			children = (
				656A183D278DC0A30096F2EC /* iOSTechResaerch */,
				656A183C278DC0A30096F2EC /* Products */,
				8686EF02294DA23848FED853 /* Pods */,
				9E0D6088C01A47712193CEBE /* Frameworks */,
			);
			sourceTree = "<group>";
		};
		656A183C278DC0A30096F2EC /* Products */ = {
			isa = PBXGroup;
			children = (
				656A183B278DC0A30096F2EC /* iOSTechResaerch.app */,
			);
			name = Products;
			sourceTree = "<group>";
		};
		656A183D278DC0A30096F2EC /* iOSTechResaerch */ = {
			isa = PBXGroup;
			children = (
				656A184C278DC0A50096F2EC /* Info.plist */,
				656A183E278DC0A30096F2EC /* AppDelegate.swift */,
				656A1840278DC0A30096F2EC /* SceneDelegate.swift */,
				656A1847278DC0A50096F2EC /* Assets.xcassets */,
				656A1849278DC0A50096F2EC /* LaunchScreen.storyboard */,
				656A1844278DC0A30096F2EC /* Main.storyboard */,
				656A18642799B6450096F2EC /* View */,
				656A185F27940CCA0096F2EC /* ViewController */,
			);
			path = iOSTechResaerch;
			sourceTree = "<group>";
		};
		656A185F27940CCA0096F2EC /* ViewController */ = {
			isa = PBXGroup;
			children = (
				6557674827AABD3A0056CA9E /* Http */,
				656A1842278DC0A30096F2EC /* MainViewController.swift */,
				65872CE227A1A21000A8E3D7 /* UserDefaultsViewController.swift */,
				656A18672799B6AB0096F2EC /* XibMenuViewController.swift */,
			);
			path = ViewController;
			sourceTree = "<group>";
		};
		656A18642799B6450096F2EC /* View */ = {
			isa = PBXGroup;
			children = (
				6557674B27AACA620056CA9E /* Http */,
				65872CE027A1A1F800A8E3D7 /* UserDefaultsViewController.xib */,
				656A18652799B6920096F2EC /* XibMenuViewController.xib */,
			);
			path = View;
			sourceTree = "<group>";
		};
		8686EF02294DA23848FED853 /* Pods */ = {
			isa = PBXGroup;
			children = (
				90833BA0FC83D89BCA7E9B57 /* Pods-iOSTechResaerch.debug.xcconfig */,
				1A5AF9736E98C3A2BCB8BA28 /* Pods-iOSTechResaerch.release.xcconfig */,
			);
			path = Pods;
			sourceTree = "<group>";
		};
		9E0D6088C01A47712193CEBE /* Frameworks */ = {
			isa = PBXGroup;
			children = (
				1D033316F155D89B6F44B69C /* Pods_iOSTechResaerch.framework */,
			);
			name = Frameworks;
			sourceTree = "<group>";
		};
/* End PBXGroup section */

/* Begin PBXNativeTarget section */
		656A183A278DC0A30096F2EC /* iOSTechResaerch */ = {
			isa = PBXNativeTarget;
			buildConfigurationList = 656A184F278DC0A50096F2EC /* Build configuration list for PBXNativeTarget "iOSTechResaerch" */;
			buildPhases = (
				33FFD9EA350D917086EB7E93 /* [CP] Check Pods Manifest.lock */,
				656A1837278DC0A30096F2EC /* Sources */,
				656A1838278DC0A30096F2EC /* Frameworks */,
				656A1839278DC0A30096F2EC /* Resources */,
				CBDC2F61F2F84F82EA85D1F4 /* [CP] Embed Pods Frameworks */,
			);
			buildRules = (
			);
			dependencies = (
			);
			name = iOSTechResaerch;
			productName = iOSTechResaerch;
			productReference = 656A183B278DC0A30096F2EC /* iOSTechResaerch.app */;
			productType = "com.apple.product-type.application";
		};
/* End PBXNativeTarget section */

/* Begin PBXProject section */
		656A1833278DC0A30096F2EC /* Project object */ = {
			isa = PBXProject;
			attributes = {
				LastSwiftUpdateCheck = 1250;
				LastUpgradeCheck = 1250;
				TargetAttributes = {
					656A183A278DC0A30096F2EC = {
						CreatedOnToolsVersion = 12.5.1;
					};
				};
			};
			buildConfigurationList = 656A1836278DC0A30096F2EC /* Build configuration list for PBXProject "iOSTechResaerch" */;
			compatibilityVersion = "Xcode 9.3";
			developmentRegion = en;
			hasScannedForEncodings = 0;
			knownRegions = (
				en,
				Base,
			);
			mainGroup = 656A1832278DC0A30096F2EC;
			productRefGroup = 656A183C278DC0A30096F2EC /* Products */;
			projectDirPath = "";
			projectRoot = "";
			targets = (
				656A183A278DC0A30096F2EC /* iOSTechResaerch */,
			);
		};
/* End PBXProject section */

/* Begin PBXResourcesBuildPhase section */
		656A1839278DC0A30096F2EC /* Resources */ = {
			isa = PBXResourcesBuildPhase;
			buildActionMask = 2147483647;
			files = (
				656A184B278DC0A50096F2EC /* LaunchScreen.storyboard in Resources */,
				656A18662799B6920096F2EC /* XibMenuViewController.xib in Resources */,
				65872CE727A6249900A8E3D7 /* HttpViewController.xib in Resources */,
				65872CE127A1A1F800A8E3D7 /* UserDefaultsViewController.xib in Resources */,
				6557674D27AACAB80056CA9E /* QiitaListViewController.xib in Resources */,
				656A1848278DC0A50096F2EC /* Assets.xcassets in Resources */,
				656A1846278DC0A30096F2EC /* Main.storyboard in Resources */,
			);
			runOnlyForDeploymentPostprocessing = 0;
		};
/* End PBXResourcesBuildPhase section */

/* Begin PBXShellScriptBuildPhase section */
		33FFD9EA350D917086EB7E93 /* [CP] Check Pods Manifest.lock */ = {
			isa = PBXShellScriptBuildPhase;
			buildActionMask = 2147483647;
			files = (
			);
			inputFileListPaths = (
			);
			inputPaths = (
				"${PODS_PODFILE_DIR_PATH}/Podfile.lock",
				"${PODS_ROOT}/Manifest.lock",
			);
			name = "[CP] Check Pods Manifest.lock";
			outputFileListPaths = (
			);
			outputPaths = (
				"$(DERIVED_FILE_DIR)/Pods-iOSTechResaerch-checkManifestLockResult.txt",
			);
			runOnlyForDeploymentPostprocessing = 0;
			shellPath = /bin/sh;
			shellScript = "diff \"${PODS_PODFILE_DIR_PATH}/Podfile.lock\" \"${PODS_ROOT}/Manifest.lock\" > /dev/null\nif [ $? != 0 ] ; then\n    # print error to STDERR\n    echo \"error: The sandbox is not in sync with the Podfile.lock. Run 'pod install' or update your CocoaPods installation.\" >&2\n    exit 1\nfi\n# This output is used by Xcode 'outputs' to avoid re-running this script phase.\necho \"SUCCESS\" > \"${SCRIPT_OUTPUT_FILE_0}\"\n";
			showEnvVarsInLog = 0;
		};
		CBDC2F61F2F84F82EA85D1F4 /* [CP] Embed Pods Frameworks */ = {
			isa = PBXShellScriptBuildPhase;
			buildActionMask = 2147483647;
			files = (
			);
			inputFileListPaths = (
				"${PODS_ROOT}/Target Support Files/Pods-iOSTechResaerch/Pods-iOSTechResaerch-frameworks-${CONFIGURATION}-input-files.xcfilelist",
			);
			name = "[CP] Embed Pods Frameworks";
			outputFileListPaths = (
				"${PODS_ROOT}/Target Support Files/Pods-iOSTechResaerch/Pods-iOSTechResaerch-frameworks-${CONFIGURATION}-output-files.xcfilelist",
			);
			runOnlyForDeploymentPostprocessing = 0;
			shellPath = /bin/sh;
			shellScript = "\"${PODS_ROOT}/Target Support Files/Pods-iOSTechResaerch/Pods-iOSTechResaerch-frameworks.sh\"\n";
			showEnvVarsInLog = 0;
		};
/* End PBXShellScriptBuildPhase section */

/* Begin PBXSourcesBuildPhase section */
		656A1837278DC0A30096F2EC /* Sources */ = {
			isa = PBXSourcesBuildPhase;
			buildActionMask = 2147483647;
			files = (
				656A1843278DC0A30096F2EC /* MainViewController.swift in Sources */,
				65872CE327A1A21000A8E3D7 /* UserDefaultsViewController.swift in Sources */,
				6557674A27AABFD90056CA9E /* QiitaListViewController.swift in Sources */,
				656A18682799B6AB0096F2EC /* XibMenuViewController.swift in Sources */,
				656A183F278DC0A30096F2EC /* AppDelegate.swift in Sources */,
				65872CE527A623EF00A8E3D7 /* HttpViewController.swift in Sources */,
				656A1841278DC0A30096F2EC /* SceneDelegate.swift in Sources */,
			);
			runOnlyForDeploymentPostprocessing = 0;
		};
/* End PBXSourcesBuildPhase section */

/* Begin PBXVariantGroup section */
		656A1844278DC0A30096F2EC /* Main.storyboard */ = {
			isa = PBXVariantGroup;
			children = (
				656A1845278DC0A30096F2EC /* Base */,
			);
			name = Main.storyboard;
			sourceTree = "<group>";
		};
		656A1849278DC0A50096F2EC /* LaunchScreen.storyboard */ = {
			isa = PBXVariantGroup;
			children = (
				656A184A278DC0A50096F2EC /* Base */,
			);
			name = LaunchScreen.storyboard;
			sourceTree = "<group>";
		};
/* End PBXVariantGroup section */

/* Begin XCBuildConfiguration section */
		656A184D278DC0A50096F2EC /* Debug */ = {
			isa = XCBuildConfiguration;
			buildSettings = {
				ALWAYS_SEARCH_USER_PATHS = NO;
				CLANG_ANALYZER_NONNULL = YES;
				CLANG_ANALYZER_NUMBER_OBJECT_CONVERSION = YES_AGGRESSIVE;
				CLANG_CXX_LANGUAGE_STANDARD = "gnu++14";
				CLANG_CXX_LIBRARY = "libc++";
				CLANG_ENABLE_MODULES = YES;
				CLANG_ENABLE_OBJC_ARC = YES;
				CLANG_ENABLE_OBJC_WEAK = YES;
				CLANG_WARN_BLOCK_CAPTURE_AUTORELEASING = YES;
				CLANG_WARN_BOOL_CONVERSION = YES;
				CLANG_WARN_COMMA = YES;
				CLANG_WARN_CONSTANT_CONVERSION = YES;
				CLANG_WARN_DEPRECATED_OBJC_IMPLEMENTATIONS = YES;
				CLANG_WARN_DIRECT_OBJC_ISA_USAGE = YES_ERROR;
				CLANG_WARN_DOCUMENTATION_COMMENTS = YES;
				CLANG_WARN_EMPTY_BODY = YES;
				CLANG_WARN_ENUM_CONVERSION = YES;
				CLANG_WARN_INFINITE_RECURSION = YES;
				CLANG_WARN_INT_CONVERSION = YES;
				CLANG_WARN_NON_LITERAL_NULL_CONVERSION = YES;
				CLANG_WARN_OBJC_IMPLICIT_RETAIN_SELF = YES;
				CLANG_WARN_OBJC_LITERAL_CONVERSION = YES;
				CLANG_WARN_OBJC_ROOT_CLASS = YES_ERROR;
				CLANG_WARN_QUOTED_INCLUDE_IN_FRAMEWORK_HEADER = YES;
				CLANG_WARN_RANGE_LOOP_ANALYSIS = YES;
				CLANG_WARN_STRICT_PROTOTYPES = YES;
				CLANG_WARN_SUSPICIOUS_MOVE = YES;
				CLANG_WARN_UNGUARDED_AVAILABILITY = YES_AGGRESSIVE;
				CLANG_WARN_UNREACHABLE_CODE = YES;
				CLANG_WARN__DUPLICATE_METHOD_MATCH = YES;
				COPY_PHASE_STRIP = NO;
				DEBUG_INFORMATION_FORMAT = dwarf;
				ENABLE_STRICT_OBJC_MSGSEND = YES;
				ENABLE_TESTABILITY = YES;
				GCC_C_LANGUAGE_STANDARD = gnu11;
				GCC_DYNAMIC_NO_PIC = NO;
				GCC_NO_COMMON_BLOCKS = YES;
				GCC_OPTIMIZATION_LEVEL = 0;
				GCC_PREPROCESSOR_DEFINITIONS = (
					"DEBUG=1",
					"$(inherited)",
				);
				GCC_WARN_64_TO_32_BIT_CONVERSION = YES;
				GCC_WARN_ABOUT_RETURN_TYPE = YES_ERROR;
				GCC_WARN_UNDECLARED_SELECTOR = YES;
				GCC_WARN_UNINITIALIZED_AUTOS = YES_AGGRESSIVE;
				GCC_WARN_UNUSED_FUNCTION = YES;
				GCC_WARN_UNUSED_VARIABLE = YES;
				IPHONEOS_DEPLOYMENT_TARGET = 14.5;
				MTL_ENABLE_DEBUG_INFO = INCLUDE_SOURCE;
				MTL_FAST_MATH = YES;
				ONLY_ACTIVE_ARCH = YES;
				SDKROOT = iphoneos;
				SWIFT_ACTIVE_COMPILATION_CONDITIONS = DEBUG;
				SWIFT_OPTIMIZATION_LEVEL = "-Onone";
			};
			name = Debug;
		};
		656A184E278DC0A50096F2EC /* Release */ = {
			isa = XCBuildConfiguration;
			buildSettings = {
				ALWAYS_SEARCH_USER_PATHS = NO;
				CLANG_ANALYZER_NONNULL = YES;
				CLANG_ANALYZER_NUMBER_OBJECT_CONVERSION = YES_AGGRESSIVE;
				CLANG_CXX_LANGUAGE_STANDARD = "gnu++14";
				CLANG_CXX_LIBRARY = "libc++";
				CLANG_ENABLE_MODULES = YES;
				CLANG_ENABLE_OBJC_ARC = YES;
				CLANG_ENABLE_OBJC_WEAK = YES;
				CLANG_WARN_BLOCK_CAPTURE_AUTORELEASING = YES;
				CLANG_WARN_BOOL_CONVERSION = YES;
				CLANG_WARN_COMMA = YES;
				CLANG_WARN_CONSTANT_CONVERSION = YES;
				CLANG_WARN_DEPRECATED_OBJC_IMPLEMENTATIONS = YES;
				CLANG_WARN_DIRECT_OBJC_ISA_USAGE = YES_ERROR;
				CLANG_WARN_DOCUMENTATION_COMMENTS = YES;
				CLANG_WARN_EMPTY_BODY = YES;
				CLANG_WARN_ENUM_CONVERSION = YES;
				CLANG_WARN_INFINITE_RECURSION = YES;
				CLANG_WARN_INT_CONVERSION = YES;
				CLANG_WARN_NON_LITERAL_NULL_CONVERSION = YES;
				CLANG_WARN_OBJC_IMPLICIT_RETAIN_SELF = YES;
				CLANG_WARN_OBJC_LITERAL_CONVERSION = YES;
				CLANG_WARN_OBJC_ROOT_CLASS = YES_ERROR;
				CLANG_WARN_QUOTED_INCLUDE_IN_FRAMEWORK_HEADER = YES;
				CLANG_WARN_RANGE_LOOP_ANALYSIS = YES;
				CLANG_WARN_STRICT_PROTOTYPES = YES;
				CLANG_WARN_SUSPICIOUS_MOVE = YES;
				CLANG_WARN_UNGUARDED_AVAILABILITY = YES_AGGRESSIVE;
				CLANG_WARN_UNREACHABLE_CODE = YES;
				CLANG_WARN__DUPLICATE_METHOD_MATCH = YES;
				COPY_PHASE_STRIP = NO;
				DEBUG_INFORMATION_FORMAT = "dwarf-with-dsym";
				ENABLE_NS_ASSERTIONS = NO;
				ENABLE_STRICT_OBJC_MSGSEND = YES;
				GCC_C_LANGUAGE_STANDARD = gnu11;
				GCC_NO_COMMON_BLOCKS = YES;
				GCC_WARN_64_TO_32_BIT_CONVERSION = YES;
				GCC_WARN_ABOUT_RETURN_TYPE = YES_ERROR;
				GCC_WARN_UNDECLARED_SELECTOR = YES;
				GCC_WARN_UNINITIALIZED_AUTOS = YES_AGGRESSIVE;
				GCC_WARN_UNUSED_FUNCTION = YES;
				GCC_WARN_UNUSED_VARIABLE = YES;
				IPHONEOS_DEPLOYMENT_TARGET = 14.5;
				MTL_ENABLE_DEBUG_INFO = NO;
				MTL_FAST_MATH = YES;
				SDKROOT = iphoneos;
				SWIFT_COMPILATION_MODE = wholemodule;
				SWIFT_OPTIMIZATION_LEVEL = "-O";
				VALIDATE_PRODUCT = YES;
			};
			name = Release;
		};
		656A1850278DC0A50096F2EC /* Debug */ = {
			isa = XCBuildConfiguration;
			baseConfigurationReference = 90833BA0FC83D89BCA7E9B57 /* Pods-iOSTechResaerch.debug.xcconfig */;
			buildSettings = {
				ASSETCATALOG_COMPILER_APPICON_NAME = AppIcon;
				ASSETCATALOG_COMPILER_GLOBAL_ACCENT_COLOR_NAME = AccentColor;
				CODE_SIGN_STYLE = Automatic;
				INFOPLIST_FILE = iOSTechResaerch/Info.plist;
				LD_RUNPATH_SEARCH_PATHS = (
					"$(inherited)",
					"@executable_path/Frameworks",
				);
				PRODUCT_BUNDLE_IDENTIFIER = com.yotsufe.iOSTechResaerch;
				PRODUCT_NAME = "$(TARGET_NAME)";
				SWIFT_VERSION = 5.0;
				TARGETED_DEVICE_FAMILY = "1,2";
			};
			name = Debug;
		};
		656A1851278DC0A50096F2EC /* Release */ = {
			isa = XCBuildConfiguration;
			baseConfigurationReference = 1A5AF9736E98C3A2BCB8BA28 /* Pods-iOSTechResaerch.release.xcconfig */;
			buildSettings = {
				ASSETCATALOG_COMPILER_APPICON_NAME = AppIcon;
				ASSETCATALOG_COMPILER_GLOBAL_ACCENT_COLOR_NAME = AccentColor;
				CODE_SIGN_STYLE = Automatic;
				INFOPLIST_FILE = iOSTechResaerch/Info.plist;
				LD_RUNPATH_SEARCH_PATHS = (
					"$(inherited)",
					"@executable_path/Frameworks",
				);
				PRODUCT_BUNDLE_IDENTIFIER = com.yotsufe.iOSTechResaerch;
				PRODUCT_NAME = "$(TARGET_NAME)";
				SWIFT_VERSION = 5.0;
				TARGETED_DEVICE_FAMILY = "1,2";
			};
			name = Release;
		};
/* End XCBuildConfiguration section */

/* Begin XCConfigurationList section */
		656A1836278DC0A30096F2EC /* Build configuration list for PBXProject "iOSTechResaerch" */ = {
			isa = XCConfigurationList;
			buildConfigurations = (
				656A184D278DC0A50096F2EC /* Debug */,
				656A184E278DC0A50096F2EC /* Release */,
			);
			defaultConfigurationIsVisible = 0;
			defaultConfigurationName = Release;
		};
		656A184F278DC0A50096F2EC /* Build configuration list for PBXNativeTarget "iOSTechResaerch" */ = {
			isa = XCConfigurationList;
			buildConfigurations = (
				656A1850278DC0A50096F2EC /* Debug */,
				656A1851278DC0A50096F2EC /* Release */,
			);
			defaultConfigurationIsVisible = 0;
			defaultConfigurationName = Release;
		};
/* End XCConfigurationList section */
	};
	rootObject = 656A1833278DC0A30096F2EC /* Project object */;
}
